
Microsoft Visual Studio Solution File, Format Version 12.00
# Visual Studio 15
VisualStudioVersion = 15.0.27428.2005
MinimumVisualStudioVersion = 10.0.40219.1
Project("{FAE04EC0-301F-11D3-BF4B-00C04F79EFBC}") = "KD.Math", "KD.Math\KD.Math.csproj", "{56AA45ED-80B0-4004-9FC6-238052DF248A}"
EndProject
Global
	GlobalSection(SolutionConfigurationPlatforms) = preSolution
		Debug|Any CPU = Debug|Any CPU
		Release|Any CPU = Release|Any CPU
	EndGlobalSection
	GlobalSection(ProjectConfigurationPlatforms) = postSolution
		{56AA45ED-80B0-4004-9FC6-238052DF248A}.Debug|Any CPU.ActiveCfg = Debug|Any CPU
		{56AA45ED-80B0-4004-9FC6-238052DF248A}.Debug|Any CPU.Build.0 = Debug|Any CPU
		{56AA45ED-80B0-4004-9FC6-238052DF248A}.Release|Any CPU.ActiveCfg = Release|Any CPU
		{56AA45ED-80B0-4004-9FC6-238052DF248A}.Release|Any CPU.Build.0 = Release|Any CPU
	EndGlobalSection
	GlobalSection(SolutionProperties) = preSolution
		HideSolutionNode = FALSE
	EndGlobalSection
	GlobalSection(ExtensibilityGlobals) = postSolution
		SolutionGuid = {E2EF9F7F-BC0D-4B64-BCE1-EF5AE5F147B3}
	EndGlobalSection
EndGlobal
